
Microsoft Visual Studio Solution File, Format Version 12.00
# Visual Studio Version 16
VisualStudioVersion = 16.0.30309.148
MinimumVisualStudioVersion = 10.0.40219.1
Project("{FAE04EC0-301F-11D3-BF4B-00C04F79EFBC}") = "TestWebApp", "TestWebApp\TestWebApp.csproj", "{60F06950-3945-4FF0-9FFB-2F1BED77A66A}"
EndProject
Global
	GlobalSection(SolutionConfigurationPlatforms) = preSolution
		Debug|Any CPU = Debug|Any CPU
		Release|Any CPU = Release|Any CPU
	EndGlobalSection
	GlobalSection(ProjectConfigurationPlatforms) = postSolution
		{60F06950-3945-4FF0-9FFB-2F1BED77A66A}.Debug|Any CPU.ActiveCfg = Debug|Any CPU
		{60F06950-3945-4FF0-9FFB-2F1BED77A66A}.Debug|Any CPU.Build.0 = Debug|Any CPU
		{60F06950-3945-4FF0-9FFB-2F1BED77A66A}.Release|Any CPU.ActiveCfg = Release|Any CPU
		{60F06950-3945-4FF0-9FFB-2F1BED77A66A}.Release|Any CPU.Build.0 = Release|Any CPU
	EndGlobalSection
	GlobalSection(SolutionProperties) = preSolution
		HideSolutionNode = FALSE
	EndGlobalSection
	GlobalSection(ExtensibilityGlobals) = postSolution
		SolutionGuid = {D1EE39BC-E17E-4FAE-B661-564B4B500EDA}
	EndGlobalSection
EndGlobal
